
Microsoft Visual Studio Solution File, Format Version 12.00
# Visual Studio Version 16
VisualStudioVersion = 16.0.29920.165
MinimumVisualStudioVersion = 10.0.40219.1
Project("{FAE04EC0-301F-11D3-BF4B-00C04F79EFBC}") = "HabitTracker", "HabitTracker\HabitTracker.csproj", "{205C12DD-8BF1-46D9-A928-B40734BC8248}"
EndProject
Global
	GlobalSection(SolutionConfigurationPlatforms) = preSolution
		Debug|Any CPU = Debug|Any CPU
		Release|Any CPU = Release|Any CPU
	EndGlobalSection
	GlobalSection(ProjectConfigurationPlatforms) = postSolution
		{205C12DD-8BF1-46D9-A928-B40734BC8248}.Debug|Any CPU.ActiveCfg = Debug|Any CPU
		{205C12DD-8BF1-46D9-A928-B40734BC8248}.Debug|Any CPU.Build.0 = Debug|Any CPU
		{205C12DD-8BF1-46D9-A928-B40734BC8248}.Release|Any CPU.ActiveCfg = Release|Any CPU
		{205C12DD-8BF1-46D9-A928-B40734BC8248}.Release|Any CPU.Build.0 = Release|Any CPU
	EndGlobalSection
	GlobalSection(SolutionProperties) = preSolution
		HideSolutionNode = FALSE
	EndGlobalSection
	GlobalSection(ExtensibilityGlobals) = postSolution
		SolutionGuid = {205063B9-E264-4060-AE7E-C47D004567BE}
	EndGlobalSection
EndGlobal
